{
  "name": "tweety",
  "lockfileVersion": 2,
  "requires": true,
  "packages": {
    "": {
      "dependencies": {
        "twitter-api-v2": "^1.7.1"
      }
    },
    "node_modules/twitter-api-v2": {
      "version": "1.7.1",
      "resolved": "https://registry.npmjs.org/twitter-api-v2/-/twitter-api-v2-1.7.1.tgz",
      "integrity": "sha512-/3W6gBpF0Qt4n3CLyTJCBm9TttTBpVYbqi23T2LvMZBt06tb/3kP2mAWogbRD5xiEczL14l0+qcY1zxpXm1DJg=="
    }
  },
  "dependencies": {
    "twitter-api-v2": {
      "version": "1.7.1",
      "resolved": "https://registry.npmjs.org/twitter-api-v2/-/twitter-api-v2-1.7.1.tgz",
      "integrity": "sha512-/3W6gBpF0Qt4n3CLyTJCBm9TttTBpVYbqi23T2LvMZBt06tb/3kP2mAWogbRD5xiEczL14l0+qcY1zxpXm1DJg=="
    }
  }
}
